
Microsoft Visual Studio Solution File, Format Version 12.00
# Visual Studio Version 16
VisualStudioVersion = 16.0.30128.74
MinimumVisualStudioVersion = 10.0.40219.1
Project("{FAE04EC0-301F-11D3-BF4B-00C04F79EFBC}") = "MANKIE-MUNCH", "MANKIE-MUNCH.csproj", "{3777E3F6-FC2A-4DD0-A03A-83190217FA75}"
EndProject
Global
	GlobalSection(SolutionConfigurationPlatforms) = preSolution
		Debug|Any CPU = Debug|Any CPU
		Release|Any CPU = Release|Any CPU
	EndGlobalSection
	GlobalSection(ProjectConfigurationPlatforms) = postSolution
		{3777E3F6-FC2A-4DD0-A03A-83190217FA75}.Debug|Any CPU.ActiveCfg = Debug|Any CPU
		{3777E3F6-FC2A-4DD0-A03A-83190217FA75}.Debug|Any CPU.Build.0 = Debug|Any CPU
		{3777E3F6-FC2A-4DD0-A03A-83190217FA75}.Release|Any CPU.ActiveCfg = Release|Any CPU
		{3777E3F6-FC2A-4DD0-A03A-83190217FA75}.Release|Any CPU.Build.0 = Release|Any CPU
	EndGlobalSection
	GlobalSection(SolutionProperties) = preSolution
		HideSolutionNode = FALSE
	EndGlobalSection
	GlobalSection(ExtensibilityGlobals) = postSolution
		SolutionGuid = {D0B493CE-776F-4DA0-A37E-4E629EF3CA92}
	EndGlobalSection
EndGlobal
